// !$*UTF8*$!
{
	archiveVersion = 1;
	classes = {
	};
	objectVersion = 46;
	objects = {

/* Begin PBXBuildFile section */
		188C025C1F062F5D0060772C /* main.m in Sources */ = {isa = PBXBuildFile; fileRef = 188C025B1F062F5D0060772C /* main.m */; };
		188C025F1F062F5D0060772C /* AppDelegate.m in Sources */ = {isa = PBXBuildFile; fileRef = 188C025E1F062F5D0060772C /* AppDelegate.m */; };
		188C02621F062F5D0060772C /* ViewController.m in Sources */ = {isa = PBXBuildFile; fileRef = 188C02611F062F5D0060772C /* ViewController.m */; };
		188C02651F062F5E0060772C /* Main.storyboard in Resources */ = {isa = PBXBuildFile; fileRef = 188C02631F062F5E0060772C /* Main.storyboard */; };
		188C02671F062F5E0060772C /* Assets.xcassets in Resources */ = {isa = PBXBuildFile; fileRef = 188C02661F062F5E0060772C /* Assets.xcassets */; };
		188C026A1F062F5E0060772C /* LaunchScreen.storyboard in Resources */ = {isa = PBXBuildFile; fileRef = 188C02681F062F5E0060772C /* LaunchScreen.storyboard */; };
/* End PBXBuildFile section */

/* Begin PBXFileReference section */
		188C02571F062F5D0060772C /* test2.app */ = {isa = PBXFileReference; explicitFileType = wrapper.application; includeInIndex = 0; path = test2.app; sourceTree = BUILT_PRODUCTS_DIR; };
		188C025B1F062F5D0060772C /* main.m */ = {isa = PBXFileReference; lastKnownFileType = sourcecode.c.objc; path = main.m; sourceTree = "<group>"; };
		188C025D1F062F5D0060772C /* AppDelegate.h */ = {isa = PBXFileReference; lastKnownFileType = sourcecode.c.h; path = AppDelegate.h; sourceTree = "<group>"; };
		188C025E1F062F5D0060772C /* AppDelegate.m */ = {isa = PBXFileReference; lastKnownFileType = sourcecode.c.objc; path = AppDelegate.m; sourceTree = "<group>"; };
		188C02601F062F5D0060772C /* ViewController.h */ = {isa = PBXFileReference; lastKnownFileType = sourcecode.c.h; path = ViewController.h; sourceTree = "<group>"; };
		188C02611F062F5D0060772C /* ViewController.m */ = {isa = PBXFileReference; lastKnownFileType = sourcecode.c.objc; path = ViewController.m; sourceTree = "<group>"; };
		188C02641F062F5E0060772C /* Base */ = {isa = PBXFileReference; lastKnownFileType = file.storyboard; name = Base; path = Base.lproj/Main.storyboard; sourceTree = "<group>"; };
		188C02661F062F5E0060772C /* Assets.xcassets */ = {isa = PBXFileReference; lastKnownFileType = folder.assetcatalog; path = Assets.xcassets; sourceTree = "<group>"; };
		188C02691F062F5E0060772C /* Base */ = {isa = PBXFileReference; lastKnownFileType = file.storyboard; name = Base; path = Base.lproj/LaunchScreen.storyboard; sourceTree = "<group>"; };
		188C026B1F062F5E0060772C /* Info.plist */ = {isa = PBXFileReference; lastKnownFileType = text.plist.xml; path = Info.plist; sourceTree = "<group>"; };
/* End PBXFileReference section */

/* Begin PBXFrameworksBuildPhase section */
		188C02541F062F5D0060772C /* Frameworks */ = {
			isa = PBXFrameworksBuildPhase;
			buildActionMask = 2147483647;
			files = (
			);
			runOnlyForDeploymentPostprocessing = 0;
		};
/* End PBXFrameworksBuildPhase section */

/* Begin PBXGroup section */
		188C024E1F062F5D0060772C = {
			isa = PBXGroup;
			children = (
				188C02591F062F5D0060772C /* test2 */,
				188C02581F062F5D0060772C /* Products */,
			);
			sourceTree = "<group>";
		};
		188C02581F062F5D0060772C /* Products */ = {
			isa = PBXGroup;
			children = (
				188C02571F062F5D0060772C /* test2.app */,
			);
			name = Products;
			sourceTree = "<group>";
		};
		188C02591F062F5D0060772C /* test2 */ = {
			isa = PBXGroup;
			children = (
				188C025D1F062F5D0060772C /* AppDelegate.h */,
				188C025E1F062F5D0060772C /* AppDelegate.m */,
				188C02601F062F5D0060772C /* ViewController.h */,
				188C02611F062F5D0060772C /* ViewController.m */,
				188C02631F062F5E0060772C /* Main.storyboard */,
				188C02661F062F5E0060772C /* Assets.xcassets */,
				188C02681F062F5E0060772C /* LaunchScreen.storyboard */,
				188C026B1F062F5E0060772C /* Info.plist */,
				188C025A1F062F5D0060772C /* Supporting Files */,
			);
			path = test2;
			sourceTree = "<group>";
		};
		188C025A1F062F5D0060772C /* Supporting Files */ = {
			isa = PBXGroup;
			children = (
				188C025B1F062F5D0060772C /* main.m */,
			);
			name = "Supporting Files";
			sourceTree = "<group>";
		};
/* End PBXGroup section */

/* Begin PBXNativeTarget section */
		188C02561F062F5D0060772C /* test2 */ = {
			isa = PBXNativeTarget;
			buildConfigurationList = 188C026E1F062F5E0060772C /* Build configuration list for PBXNativeTarget "test2" */;
			buildPhases = (
				188C02531F062F5D0060772C /* Sources */,
				188C02541F062F5D0060772C /* Frameworks */,
				188C02551F062F5D0060772C /* Resources */,
			);
			buildRules = (
			);
			dependencies = (
			);
			name = test2;
			productName = test2;
			productReference = 188C02571F062F5D0060772C /* test2.app */;
			productType = "com.apple.product-type.application";
		};
/* End PBXNativeTarget section */

/* Begin PBXProject section */
		188C024F1F062F5D0060772C /* Project object */ = {
			isa = PBXProject;
			attributes = {
				LastUpgradeCheck = 0820;
				ORGANIZATIONNAME = Gibson;
				TargetAttributes = {
					188C02561F062F5D0060772C = {
						CreatedOnToolsVersion = 8.2.1;
						DevelopmentTeam = TEXUSMGJ6U;
						ProvisioningStyle = Automatic;
					};
				};
			};
			buildConfigurationList = 188C02521F062F5D0060772C /* Build configuration list for PBXProject "test2" */;
			compatibilityVersion = "Xcode 3.2";
			developmentRegion = English;
			hasScannedForEncodings = 0;
			knownRegions = (
				en,
				Base,
			);
			mainGroup = 188C024E1F062F5D0060772C;
			productRefGroup = 188C02581F062F5D0060772C /* Products */;
			projectDirPath = "";
			projectRoot = "";
			targets = (
				188C02561F062F5D0060772C /* test2 */,
			);
		};
/* End PBXProject section */

/* Begin PBXResourcesBuildPhase section */
		188C02551F062F5D0060772C /* Resources */ = {
			isa = PBXResourcesBuildPhase;
			buildActionMask = 2147483647;
			files = (
				188C026A1F062F5E0060772C /* LaunchScreen.storyboard in Resources */,
				188C02671F062F5E0060772C /* Assets.xcassets in Resources */,
				188C02651F062F5E0060772C /* Main.storyboard in Resources */,
			);
			runOnlyForDeploymentPostprocessing = 0;
		};
/* End PBXResourcesBuildPhase section */

/* Begin PBXSourcesBuildPhase section */
		188C02531F062F5D0060772C /* Sources */ = {
			isa = PBXSourcesBuildPhase;
			buildActionMask = 2147483647;
			files = (
				188C02621F062F5D0060772C /* ViewController.m in Sources */,
				188C025F1F062F5D0060772C /* AppDelegate.m in Sources */,
				188C025C1F062F5D0060772C /* main.m in Sources */,
			);
			runOnlyForDeploymentPostprocessing = 0;
		};
/* End PBXSourcesBuildPhase section */

/* Begin PBXVariantGroup section */
		188C02631F062F5E0060772C /* Main.storyboard */ = {
			isa = PBXVariantGroup;
			children = (
				188C02641F062F5E0060772C /* Base */,
			);
			name = Main.storyboard;
			sourceTree = "<group>";
		};
		188C02681F062F5E0060772C /* LaunchScreen.storyboard */ = {
			isa = PBXVariantGroup;
			children = (
				188C02691F062F5E0060772C /* Base */,
			);
			name = LaunchScreen.storyboard;
			sourceTree = "<group>";
		};
/* End PBXVariantGroup section */

/* Begin XCBuildConfiguration section */
		188C026C1F062F5E0060772C /* Debug */ = {
			isa = XCBuildConfiguration;
			buildSettings = {
				ALWAYS_SEARCH_USER_PATHS = NO;
				CLANG_ANALYZER_NONNULL = YES;
				CLANG_CXX_LANGUAGE_STANDARD = "gnu++0x";
				CLANG_CXX_LIBRARY = "libc++";
				CLANG_ENABLE_MODULES = YES;
				CLANG_ENABLE_OBJC_ARC = YES;
				CLANG_WARN_BOOL_CONVERSION = YES;
				CLANG_WARN_CONSTANT_CONVERSION = YES;
				CLANG_WARN_DIRECT_OBJC_ISA_USAGE = YES_ERROR;
				CLANG_WARN_DOCUMENTATION_COMMENTS = YES;
				CLANG_WARN_EMPTY_BODY = YES;
				CLANG_WARN_ENUM_CONVERSION = YES;
				CLANG_WARN_INFINITE_RECURSION = YES;
				CLANG_WARN_INT_CONVERSION = YES;
				CLANG_WARN_OBJC_ROOT_CLASS = YES_ERROR;
				CLANG_WARN_SUSPICIOUS_MOVE = YES;
				CLANG_WARN_UNREACHABLE_CODE = YES;
				CLANG_WARN__DUPLICATE_METHOD_MATCH = YES;
				"CODE_SIGN_IDENTITY[sdk=iphoneos*]" = "iPhone Developer";
				COPY_PHASE_STRIP = NO;
				DEBUG_INFORMATION_FORMAT = dwarf;
				ENABLE_STRICT_OBJC_MSGSEND = YES;
				ENABLE_TESTABILITY = YES;
				GCC_C_LANGUAGE_STANDARD = gnu99;
				GCC_DYNAMIC_NO_PIC = NO;
				GCC_NO_COMMON_BLOCKS = YES;
				GCC_OPTIMIZATION_LEVEL = 0;
				GCC_PREPROCESSOR_DEFINITIONS = (
					"DEBUG=1",
					"$(inherited)",
				);
				GCC_WARN_64_TO_32_BIT_CONVERSION = YES;
				GCC_WARN_ABOUT_RETURN_TYPE = YES_ERROR;
				GCC_WARN_UNDECLARED_SELECTOR = YES;
				GCC_WARN_UNINITIALIZED_AUTOS = YES_AGGRESSIVE;
				GCC_WARN_UNUSED_FUNCTION = YES;
				GCC_WARN_UNUSED_VARIABLE = YES;
				IPHONEOS_DEPLOYMENT_TARGET = 10.2;
				MTL_ENABLE_DEBUG_INFO = YES;
				ONLY_ACTIVE_ARCH = YES;
				SDKROOT = iphoneos;
				TARGETED_DEVICE_FAMILY = "1,2";
			};
			name = Debug;
		};
		188C026D1F062F5E0060772C /* Release */ = {
			isa = XCBuildConfiguration;
			buildSettings = {
				ALWAYS_SEARCH_USER_PATHS = NO;
				CLANG_ANALYZER_NONNULL = YES;
				CLANG_CXX_LANGUAGE_STANDARD = "gnu++0x";
				CLANG_CXX_LIBRARY = "libc++";
				CLANG_ENABLE_MODULES = YES;
				CLANG_ENABLE_OBJC_ARC = YES;
				CLANG_WARN_BOOL_CONVERSION = YES;
				CLANG_WARN_CONSTANT_CONVERSION = YES;
				CLANG_WARN_DIRECT_OBJC_ISA_USAGE = YES_ERROR;
				CLANG_WARN_DOCUMENTATION_COMMENTS = YES;
				CLANG_WARN_EMPTY_BODY = YES;
				CLANG_WARN_ENUM_CONVERSION = YES;
				CLANG_WARN_INFINITE_RECURSION = YES;
				CLANG_WARN_INT_CONVERSION = YES;
				CLANG_WARN_OBJC_ROOT_CLASS = YES_ERROR;
				CLANG_WARN_SUSPICIOUS_MOVE = YES;
				CLANG_WARN_UNREACHABLE_CODE = YES;
				CLANG_WARN__DUPLICATE_METHOD_MATCH = YES;
				"CODE_SIGN_IDENTITY[sdk=iphoneos*]" = "iPhone Developer";
				COPY_PHASE_STRIP = NO;
				DEBUG_INFORMATION_FORMAT = "dwarf-with-dsym";
				ENABLE_NS_ASSERTIONS = NO;
				ENABLE_STRICT_OBJC_MSGSEND = YES;
				GCC_C_LANGUAGE_STANDARD = gnu99;
				GCC_NO_COMMON_BLOCKS = YES;
				GCC_WARN_64_TO_32_BIT_CONVERSION = YES;
				GCC_WARN_ABOUT_RETURN_TYPE = YES_ERROR;
				GCC_WARN_UNDECLARED_SELECTOR = YES;
				GCC_WARN_UNINITIALIZED_AUTOS = YES_AGGRESSIVE;
				GCC_WARN_UNUSED_FUNCTION = YES;
				GCC_WARN_UNUSED_VARIABLE = YES;
				IPHONEOS_DEPLOYMENT_TARGET = 10.2;
				MTL_ENABLE_DEBUG_INFO = NO;
				SDKROOT = iphoneos;
				TARGETED_DEVICE_FAMILY = "1,2";
				VALIDATE_PRODUCT = YES;
			};
			name = Release;
		};
		188C026F1F062F5E0060772C /* Debug */ = {
			isa = XCBuildConfiguration;
			buildSettings = {
				ASSETCATALOG_COMPILER_APPICON_NAME = AppIcon;
				DEVELOPMENT_TEAM = TEXUSMGJ6U;
				INFOPLIST_FILE = test2/Info.plist;
				LD_RUNPATH_SEARCH_PATHS = "$(inherited) @executable_path/Frameworks";
				PRODUCT_BUNDLE_IDENTIFIER = com.smartmovt.test2;
				PRODUCT_NAME = "$(TARGET_NAME)";
			};
			name = Debug;
		};
		188C02701F062F5E0060772C /* Release */ = {
			isa = XCBuildConfiguration;
			buildSettings = {
				ASSETCATALOG_COMPILER_APPICON_NAME = AppIcon;
				DEVELOPMENT_TEAM = TEXUSMGJ6U;
				INFOPLIST_FILE = test2/Info.plist;
				LD_RUNPATH_SEARCH_PATHS = "$(inherited) @executable_path/Frameworks";
				PRODUCT_BUNDLE_IDENTIFIER = com.smartmovt.test2;
				PRODUCT_NAME = "$(TARGET_NAME)";
			};
			name = Release;
		};
/* End XCBuildConfiguration section */

/* Begin XCConfigurationList section */
		188C02521F062F5D0060772C /* Build configuration list for PBXProject "test2" */ = {
			isa = XCConfigurationList;
			buildConfigurations = (
				188C026C1F062F5E0060772C /* Debug */,
				188C026D1F062F5E0060772C /* Release */,
			);
			defaultConfigurationIsVisible = 0;
			defaultConfigurationName = Release;
		};
		188C026E1F062F5E0060772C /* Build configuration list for PBXNativeTarget "test2" */ = {
			isa = XCConfigurationList;
			buildConfigurations = (
				188C026F1F062F5E0060772C /* Debug */,
				188C02701F062F5E0060772C /* Release */,
			);
			defaultConfigurationIsVisible = 0;
			defaultConfigurationName = Release;
		};
/* End XCConfigurationList section */
	};
	rootObject = 188C024F1F062F5D0060772C /* Project object */;
}
